
Microsoft Visual Studio Solution File, Format Version 12.00
# Visual Studio Version 17
VisualStudioVersion = 17.3.32901.215
MinimumVisualStudioVersion = 10.0.40219.1
Project("{FAE04EC0-301F-11D3-BF4B-00C04F79EFBC}") = "LibM", "LibM\LibM.csproj", "{0909AA6E-FC94-448C-B31E-7392BCEC32F7}"
EndProject
Global
	GlobalSection(SolutionConfigurationPlatforms) = preSolution
		Debug|Any CPU = Debug|Any CPU
		Release|Any CPU = Release|Any CPU
	EndGlobalSection
	GlobalSection(ProjectConfigurationPlatforms) = postSolution
		{0909AA6E-FC94-448C-B31E-7392BCEC32F7}.Debug|Any CPU.ActiveCfg = Debug|Any CPU
		{0909AA6E-FC94-448C-B31E-7392BCEC32F7}.Debug|Any CPU.Build.0 = Debug|Any CPU
		{0909AA6E-FC94-448C-B31E-7392BCEC32F7}.Release|Any CPU.ActiveCfg = Release|Any CPU
		{0909AA6E-FC94-448C-B31E-7392BCEC32F7}.Release|Any CPU.Build.0 = Release|Any CPU
	EndGlobalSection
	GlobalSection(SolutionProperties) = preSolution
		HideSolutionNode = FALSE
	EndGlobalSection
	GlobalSection(ExtensibilityGlobals) = postSolution
		SolutionGuid = {14BEFCB3-A800-44EE-B61B-5AB2CD3DDF85}
	EndGlobalSection
EndGlobal
